schema: '2.0'
stages:
  data_ingestion:
    cmd: python src/deepClassifier/pipeline/stage_01_dataingestion.py
    deps:
    - path: configs/config.yaml
      hash: md5
      md5: 40c8fb21e78a97f324b2a576654a88ed
      size: 831
    - path: src/deepClassifier/pipeline/stage_01_dataingestion.py
      hash: md5
      md5: 2b448084a49e05ad59d9f13088c65d0e
      size: 717
    outs:
    - path: artifacts/data_ingestion/PetImages
      hash: md5
      md5: 3a5cf86541f22c236620ce5b952ad684.dir
      size: 848866410
      nfiles: 24998
  prepare_base_model:
    cmd: python src/deepClassifier/pipeline/stage_02_prepare_base_model.py
    deps:
    - path: configs/config.yaml
      hash: md5
      md5: 40c8fb21e78a97f324b2a576654a88ed
      size: 831
    - path: src/deepClassifier/pipeline/stage_02_prepare_base_model.py
      hash: md5
      md5: 45d696ae7e0f54e2a18533c28ed07ac8
      size: 793
    params:
      params.yaml:
        CLASSES: 2
        IMAGE_SIZE:
        - 224
        - 224
        - 3
        INCLUDE_TOP: false
        LEARNING_RATE: 0.01
        WEIGHTS: imagenet
    outs:
    - path: artifacts/prepare_base_model
      hash: md5
      md5: 412ed3c65784f30ff0bfd9c47d760049.dir
      size: 118059248
      nfiles: 2
  training:
    cmd: python src/deepClassifier/pipeline/stage_03_training.py
    deps:
    - path: artifacts/data_ingestion/PetImages
      hash: md5
      md5: 3a5cf86541f22c236620ce5b952ad684.dir
      size: 848866410
      nfiles: 24998
    - path: artifacts/prepare_base_model
      hash: md5
      md5: 412ed3c65784f30ff0bfd9c47d760049.dir
      size: 118059248
      nfiles: 2
    - path: configs/config.yaml
      hash: md5
      md5: 40c8fb21e78a97f324b2a576654a88ed
      size: 831
    - path: src/deepClassifier/components/prepare_callback.py
      hash: md5
      md5: 48bccf714c69b497b73dff142e7b5028
      size: 1060
    - path: src/deepClassifier/pipeline/stage_03_training.py
      hash: md5
      md5: ec87d76b3a0dfde5c68e6714579a7226
      size: 1005
    params:
      params.yaml:
        AUGMENTATION: true
        BATCH_SIZE: 16
        EPOCHS: 1
        IMAGE_SIZE:
        - 224
        - 224
        - 3
    outs:
    - path: artifacts/training/model.h5
      hash: md5
      md5: 96a4896a51cab2725a9f6d828767de41
      size: 59340720
